
Microsoft Visual Studio Solution File, Format Version 12.00
# Visual Studio Version 16
VisualStudioVersion = 16.0.29306.81
MinimumVisualStudioVersion = 10.0.40219.1
Project("{FAE04EC0-301F-11D3-BF4B-00C04F79EFBC}") = "BeginningDotNet", "BeginningDotNet\BeginningDotNet.csproj", "{9514FB2E-46D6-4EDC-B483-08FA81F2E314}"
EndProject
Global
	GlobalSection(SolutionConfigurationPlatforms) = preSolution
		Debug|Any CPU = Debug|Any CPU
		Release|Any CPU = Release|Any CPU
	EndGlobalSection
	GlobalSection(ProjectConfigurationPlatforms) = postSolution
		{9514FB2E-46D6-4EDC-B483-08FA81F2E314}.Debug|Any CPU.ActiveCfg = Debug|Any CPU
		{9514FB2E-46D6-4EDC-B483-08FA81F2E314}.Debug|Any CPU.Build.0 = Debug|Any CPU
		{9514FB2E-46D6-4EDC-B483-08FA81F2E314}.Release|Any CPU.ActiveCfg = Release|Any CPU
		{9514FB2E-46D6-4EDC-B483-08FA81F2E314}.Release|Any CPU.Build.0 = Release|Any CPU
	EndGlobalSection
	GlobalSection(SolutionProperties) = preSolution
		HideSolutionNode = FALSE
	EndGlobalSection
	GlobalSection(ExtensibilityGlobals) = postSolution
		SolutionGuid = {7D7D1ACE-FE30-4F3E-BED5-EAD17C60CC26}
	EndGlobalSection
EndGlobal
